
Microsoft Visual Studio Solution File, Format Version 12.00
# Visual Studio 2012
Project("{FAE04EC0-301F-11D3-BF4B-00C04F79EFBC}") = "Pratica2", "Pratica2\Pratica2.csproj", "{880CF849-CED0-4018-840A-B5D078E9A89A}"
EndProject
Global
	GlobalSection(SolutionConfigurationPlatforms) = preSolution
		Debug|Any CPU = Debug|Any CPU
		Release|Any CPU = Release|Any CPU
	EndGlobalSection
	GlobalSection(ProjectConfigurationPlatforms) = postSolution
		{880CF849-CED0-4018-840A-B5D078E9A89A}.Debug|Any CPU.ActiveCfg = Debug|Any CPU
		{880CF849-CED0-4018-840A-B5D078E9A89A}.Debug|Any CPU.Build.0 = Debug|Any CPU
		{880CF849-CED0-4018-840A-B5D078E9A89A}.Release|Any CPU.ActiveCfg = Release|Any CPU
		{880CF849-CED0-4018-840A-B5D078E9A89A}.Release|Any CPU.Build.0 = Release|Any CPU
	EndGlobalSection
	GlobalSection(SolutionProperties) = preSolution
		HideSolutionNode = FALSE
	EndGlobalSection
EndGlobal
